// !$*UTF8*$!
{
	archiveVersion = 1;
	classes = {
	};
	objectVersion = 56;
	objects = {

/* Begin PBXBuildFile section */
		C95311232B40EDD7006E0AA1 /* DanteDeliveryApp.swift in Sources */ = {isa = PBXBuildFile; fileRef = C95311222B40EDD7006E0AA1 /* DanteDeliveryApp.swift */; };
		C95311252B40EDD7006E0AA1 /* ContentView.swift in Sources */ = {isa = PBXBuildFile; fileRef = C95311242B40EDD7006E0AA1 /* ContentView.swift */; };
		C95311272B40EDD8006E0AA1 /* Assets.xcassets in Resources */ = {isa = PBXBuildFile; fileRef = C95311262B40EDD8006E0AA1 /* Assets.xcassets */; };
		C953112A2B40EDD8006E0AA1 /* Preview Assets.xcassets in Resources */ = {isa = PBXBuildFile; fileRef = C95311292B40EDD8006E0AA1 /* Preview Assets.xcassets */; };
		C95311342B40EDD8006E0AA1 /* DanteDeliveryTests.swift in Sources */ = {isa = PBXBuildFile; fileRef = C95311332B40EDD8006E0AA1 /* DanteDeliveryTests.swift */; };
		C953113E2B40EDD8006E0AA1 /* DanteDeliveryUITests.swift in Sources */ = {isa = PBXBuildFile; fileRef = C953113D2B40EDD8006E0AA1 /* DanteDeliveryUITests.swift */; };
		C95311402B40EDD8006E0AA1 /* DanteDeliveryUITestsLaunchTests.swift in Sources */ = {isa = PBXBuildFile; fileRef = C953113F2B40EDD8006E0AA1 /* DanteDeliveryUITestsLaunchTests.swift */; };
/* End PBXBuildFile section */

/* Begin PBXContainerItemProxy section */
		C95311302B40EDD8006E0AA1 /* PBXContainerItemProxy */ = {
			isa = PBXContainerItemProxy;
			containerPortal = C95311172B40EDD7006E0AA1 /* Project object */;
			proxyType = 1;
			remoteGlobalIDString = C953111E2B40EDD7006E0AA1;
			remoteInfo = DanteDelivery;
		};
		C953113A2B40EDD8006E0AA1 /* PBXContainerItemProxy */ = {
			isa = PBXContainerItemProxy;
			containerPortal = C95311172B40EDD7006E0AA1 /* Project object */;
			proxyType = 1;
			remoteGlobalIDString = C953111E2B40EDD7006E0AA1;
			remoteInfo = DanteDelivery;
		};
/* End PBXContainerItemProxy section */

/* Begin PBXFileReference section */
		C953111F2B40EDD7006E0AA1 /* DanteDelivery.app */ = {isa = PBXFileReference; explicitFileType = wrapper.application; includeInIndex = 0; path = DanteDelivery.app; sourceTree = BUILT_PRODUCTS_DIR; };
		C95311222B40EDD7006E0AA1 /* DanteDeliveryApp.swift */ = {isa = PBXFileReference; lastKnownFileType = sourcecode.swift; path = DanteDeliveryApp.swift; sourceTree = "<group>"; };
		C95311242B40EDD7006E0AA1 /* ContentView.swift */ = {isa = PBXFileReference; lastKnownFileType = sourcecode.swift; path = ContentView.swift; sourceTree = "<group>"; };
		C95311262B40EDD8006E0AA1 /* Assets.xcassets */ = {isa = PBXFileReference; lastKnownFileType = folder.assetcatalog; path = Assets.xcassets; sourceTree = "<group>"; };
		C95311292B40EDD8006E0AA1 /* Preview Assets.xcassets */ = {isa = PBXFileReference; lastKnownFileType = folder.assetcatalog; path = "Preview Assets.xcassets"; sourceTree = "<group>"; };
		C953112F2B40EDD8006E0AA1 /* DanteDeliveryTests.xctest */ = {isa = PBXFileReference; explicitFileType = wrapper.cfbundle; includeInIndex = 0; path = DanteDeliveryTests.xctest; sourceTree = BUILT_PRODUCTS_DIR; };
		C95311332B40EDD8006E0AA1 /* DanteDeliveryTests.swift */ = {isa = PBXFileReference; lastKnownFileType = sourcecode.swift; path = DanteDeliveryTests.swift; sourceTree = "<group>"; };
		C95311392B40EDD8006E0AA1 /* DanteDeliveryUITests.xctest */ = {isa = PBXFileReference; explicitFileType = wrapper.cfbundle; includeInIndex = 0; path = DanteDeliveryUITests.xctest; sourceTree = BUILT_PRODUCTS_DIR; };
		C953113D2B40EDD8006E0AA1 /* DanteDeliveryUITests.swift */ = {isa = PBXFileReference; lastKnownFileType = sourcecode.swift; path = DanteDeliveryUITests.swift; sourceTree = "<group>"; };
		C953113F2B40EDD8006E0AA1 /* DanteDeliveryUITestsLaunchTests.swift */ = {isa = PBXFileReference; lastKnownFileType = sourcecode.swift; path = DanteDeliveryUITestsLaunchTests.swift; sourceTree = "<group>"; };
/* End PBXFileReference section */

/* Begin PBXFrameworksBuildPhase section */
		C953111C2B40EDD7006E0AA1 /* Frameworks */ = {
			isa = PBXFrameworksBuildPhase;
			buildActionMask = 2147483647;
			files = (
			);
			runOnlyForDeploymentPostprocessing = 0;
		};
		C953112C2B40EDD8006E0AA1 /* Frameworks */ = {
			isa = PBXFrameworksBuildPhase;
			buildActionMask = 2147483647;
			files = (
			);
			runOnlyForDeploymentPostprocessing = 0;
		};
		C95311362B40EDD8006E0AA1 /* Frameworks */ = {
			isa = PBXFrameworksBuildPhase;
			buildActionMask = 2147483647;
			files = (
			);
			runOnlyForDeploymentPostprocessing = 0;
		};
/* End PBXFrameworksBuildPhase section */

/* Begin PBXGroup section */
		C95311162B40EDD7006E0AA1 = {
			isa = PBXGroup;
			children = (
				C95311212B40EDD7006E0AA1 /* DanteDelivery */,
				C95311322B40EDD8006E0AA1 /* DanteDeliveryTests */,
				C953113C2B40EDD8006E0AA1 /* DanteDeliveryUITests */,
				C95311202B40EDD7006E0AA1 /* Products */,
			);
			sourceTree = "<group>";
		};
		C95311202B40EDD7006E0AA1 /* Products */ = {
			isa = PBXGroup;
			children = (
				C953111F2B40EDD7006E0AA1 /* DanteDelivery.app */,
				C953112F2B40EDD8006E0AA1 /* DanteDeliveryTests.xctest */,
				C95311392B40EDD8006E0AA1 /* DanteDeliveryUITests.xctest */,
			);
			name = Products;
			sourceTree = "<group>";
		};
		C95311212B40EDD7006E0AA1 /* DanteDelivery */ = {
			isa = PBXGroup;
			children = (
				C95311222B40EDD7006E0AA1 /* DanteDeliveryApp.swift */,
				C95311242B40EDD7006E0AA1 /* ContentView.swift */,
				C95311262B40EDD8006E0AA1 /* Assets.xcassets */,
				C95311282B40EDD8006E0AA1 /* Preview Content */,
			);
			path = DanteDelivery;
			sourceTree = "<group>";
		};
		C95311282B40EDD8006E0AA1 /* Preview Content */ = {
			isa = PBXGroup;
			children = (
				C95311292B40EDD8006E0AA1 /* Preview Assets.xcassets */,
			);
			path = "Preview Content";
			sourceTree = "<group>";
		};
		C95311322B40EDD8006E0AA1 /* DanteDeliveryTests */ = {
			isa = PBXGroup;
			children = (
				C95311332B40EDD8006E0AA1 /* DanteDeliveryTests.swift */,
			);
			path = DanteDeliveryTests;
			sourceTree = "<group>";
		};
		C953113C2B40EDD8006E0AA1 /* DanteDeliveryUITests */ = {
			isa = PBXGroup;
			children = (
				C953113D2B40EDD8006E0AA1 /* DanteDeliveryUITests.swift */,
				C953113F2B40EDD8006E0AA1 /* DanteDeliveryUITestsLaunchTests.swift */,
			);
			path = DanteDeliveryUITests;
			sourceTree = "<group>";
		};
/* End PBXGroup section */

/* Begin PBXNativeTarget section */
		C953111E2B40EDD7006E0AA1 /* DanteDelivery */ = {
			isa = PBXNativeTarget;
			buildConfigurationList = C95311432B40EDD8006E0AA1 /* Build configuration list for PBXNativeTarget "DanteDelivery" */;
			buildPhases = (
				C953111B2B40EDD7006E0AA1 /* Sources */,
				C953111C2B40EDD7006E0AA1 /* Frameworks */,
				C953111D2B40EDD7006E0AA1 /* Resources */,
			);
			buildRules = (
			);
			dependencies = (
			);
			name = DanteDelivery;
			productName = DanteDelivery;
			productReference = C953111F2B40EDD7006E0AA1 /* DanteDelivery.app */;
			productType = "com.apple.product-type.application";
		};
		C953112E2B40EDD8006E0AA1 /* DanteDeliveryTests */ = {
			isa = PBXNativeTarget;
			buildConfigurationList = C95311462B40EDD8006E0AA1 /* Build configuration list for PBXNativeTarget "DanteDeliveryTests" */;
			buildPhases = (
				C953112B2B40EDD8006E0AA1 /* Sources */,
				C953112C2B40EDD8006E0AA1 /* Frameworks */,
				C953112D2B40EDD8006E0AA1 /* Resources */,
			);
			buildRules = (
			);
			dependencies = (
				C95311312B40EDD8006E0AA1 /* PBXTargetDependency */,
			);
			name = DanteDeliveryTests;
			productName = DanteDeliveryTests;
			productReference = C953112F2B40EDD8006E0AA1 /* DanteDeliveryTests.xctest */;
			productType = "com.apple.product-type.bundle.unit-test";
		};
		C95311382B40EDD8006E0AA1 /* DanteDeliveryUITests */ = {
			isa = PBXNativeTarget;
			buildConfigurationList = C95311492B40EDD8006E0AA1 /* Build configuration list for PBXNativeTarget "DanteDeliveryUITests" */;
			buildPhases = (
				C95311352B40EDD8006E0AA1 /* Sources */,
				C95311362B40EDD8006E0AA1 /* Frameworks */,
				C95311372B40EDD8006E0AA1 /* Resources */,
			);
			buildRules = (
			);
			dependencies = (
				C953113B2B40EDD8006E0AA1 /* PBXTargetDependency */,
			);
			name = DanteDeliveryUITests;
			productName = DanteDeliveryUITests;
			productReference = C95311392B40EDD8006E0AA1 /* DanteDeliveryUITests.xctest */;
			productType = "com.apple.product-type.bundle.ui-testing";
		};
/* End PBXNativeTarget section */

/* Begin PBXProject section */
		C95311172B40EDD7006E0AA1 /* Project object */ = {
			isa = PBXProject;
			attributes = {
				BuildIndependentTargetsInParallel = 1;
				LastSwiftUpdateCheck = 1500;
				LastUpgradeCheck = 1500;
				TargetAttributes = {
					C953111E2B40EDD7006E0AA1 = {
						CreatedOnToolsVersion = 15.0.1;
					};
					C953112E2B40EDD8006E0AA1 = {
						CreatedOnToolsVersion = 15.0.1;
						TestTargetID = C953111E2B40EDD7006E0AA1;
					};
					C95311382B40EDD8006E0AA1 = {
						CreatedOnToolsVersion = 15.0.1;
						TestTargetID = C953111E2B40EDD7006E0AA1;
					};
				};
			};
			buildConfigurationList = C953111A2B40EDD7006E0AA1 /* Build configuration list for PBXProject "DanteDelivery" */;
			compatibilityVersion = "Xcode 14.0";
			developmentRegion = en;
			hasScannedForEncodings = 0;
			knownRegions = (
				en,
				Base,
			);
			mainGroup = C95311162B40EDD7006E0AA1;
			productRefGroup = C95311202B40EDD7006E0AA1 /* Products */;
			projectDirPath = "";
			projectRoot = "";
			targets = (
				C953111E2B40EDD7006E0AA1 /* DanteDelivery */,
				C953112E2B40EDD8006E0AA1 /* DanteDeliveryTests */,
				C95311382B40EDD8006E0AA1 /* DanteDeliveryUITests */,
			);
		};
/* End PBXProject section */

/* Begin PBXResourcesBuildPhase section */
		C953111D2B40EDD7006E0AA1 /* Resources */ = {
			isa = PBXResourcesBuildPhase;
			buildActionMask = 2147483647;
			files = (
				C953112A2B40EDD8006E0AA1 /* Preview Assets.xcassets in Resources */,
				C95311272B40EDD8006E0AA1 /* Assets.xcassets in Resources */,
			);
			runOnlyForDeploymentPostprocessing = 0;
		};
		C953112D2B40EDD8006E0AA1 /* Resources */ = {
			isa = PBXResourcesBuildPhase;
			buildActionMask = 2147483647;
			files = (
			);
			runOnlyForDeploymentPostprocessing = 0;
		};
		C95311372B40EDD8006E0AA1 /* Resources */ = {
			isa = PBXResourcesBuildPhase;
			buildActionMask = 2147483647;
			files = (
			);
			runOnlyForDeploymentPostprocessing = 0;
		};
/* End PBXResourcesBuildPhase section */

/* Begin PBXSourcesBuildPhase section */
		C953111B2B40EDD7006E0AA1 /* Sources */ = {
			isa = PBXSourcesBuildPhase;
			buildActionMask = 2147483647;
			files = (
				C95311252B40EDD7006E0AA1 /* ContentView.swift in Sources */,
				C95311232B40EDD7006E0AA1 /* DanteDeliveryApp.swift in Sources */,
			);
			runOnlyForDeploymentPostprocessing = 0;
		};
		C953112B2B40EDD8006E0AA1 /* Sources */ = {
			isa = PBXSourcesBuildPhase;
			buildActionMask = 2147483647;
			files = (
				C95311342B40EDD8006E0AA1 /* DanteDeliveryTests.swift in Sources */,
			);
			runOnlyForDeploymentPostprocessing = 0;
		};
		C95311352B40EDD8006E0AA1 /* Sources */ = {
			isa = PBXSourcesBuildPhase;
			buildActionMask = 2147483647;
			files = (
				C953113E2B40EDD8006E0AA1 /* DanteDeliveryUITests.swift in Sources */,
				C95311402B40EDD8006E0AA1 /* DanteDeliveryUITestsLaunchTests.swift in Sources */,
			);
			runOnlyForDeploymentPostprocessing = 0;
		};
/* End PBXSourcesBuildPhase section */

/* Begin PBXTargetDependency section */
		C95311312B40EDD8006E0AA1 /* PBXTargetDependency */ = {
			isa = PBXTargetDependency;
			target = C953111E2B40EDD7006E0AA1 /* DanteDelivery */;
			targetProxy = C95311302B40EDD8006E0AA1 /* PBXContainerItemProxy */;
		};
		C953113B2B40EDD8006E0AA1 /* PBXTargetDependency */ = {
			isa = PBXTargetDependency;
			target = C953111E2B40EDD7006E0AA1 /* DanteDelivery */;
			targetProxy = C953113A2B40EDD8006E0AA1 /* PBXContainerItemProxy */;
		};
/* End PBXTargetDependency section */

/* Begin XCBuildConfiguration section */
		C95311412B40EDD8006E0AA1 /* Debug */ = {
			isa = XCBuildConfiguration;
			buildSettings = {
				ALWAYS_SEARCH_USER_PATHS = NO;
				ASSETCATALOG_COMPILER_GENERATE_SWIFT_ASSET_SYMBOL_EXTENSIONS = YES;
				CLANG_ANALYZER_NONNULL = YES;
				CLANG_ANALYZER_NUMBER_OBJECT_CONVERSION = YES_AGGRESSIVE;
				CLANG_CXX_LANGUAGE_STANDARD = "gnu++20";
				CLANG_ENABLE_MODULES = YES;
				CLANG_ENABLE_OBJC_ARC = YES;
				CLANG_ENABLE_OBJC_WEAK = YES;
				CLANG_WARN_BLOCK_CAPTURE_AUTORELEASING = YES;
				CLANG_WARN_BOOL_CONVERSION = YES;
				CLANG_WARN_COMMA = YES;
				CLANG_WARN_CONSTANT_CONVERSION = YES;
				CLANG_WARN_DEPRECATED_OBJC_IMPLEMENTATIONS = YES;
				CLANG_WARN_DIRECT_OBJC_ISA_USAGE = YES_ERROR;
				CLANG_WARN_DOCUMENTATION_COMMENTS = YES;
				CLANG_WARN_EMPTY_BODY = YES;
				CLANG_WARN_ENUM_CONVERSION = YES;
				CLANG_WARN_INFINITE_RECURSION = YES;
				CLANG_WARN_INT_CONVERSION = YES;
				CLANG_WARN_NON_LITERAL_NULL_CONVERSION = YES;
				CLANG_WARN_OBJC_IMPLICIT_RETAIN_SELF = YES;
				CLANG_WARN_OBJC_LITERAL_CONVERSION = YES;
				CLANG_WARN_OBJC_ROOT_CLASS = YES_ERROR;
				CLANG_WARN_QUOTED_INCLUDE_IN_FRAMEWORK_HEADER = YES;
				CLANG_WARN_RANGE_LOOP_ANALYSIS = YES;
				CLANG_WARN_STRICT_PROTOTYPES = YES;
				CLANG_WARN_SUSPICIOUS_MOVE = YES;
				CLANG_WARN_UNGUARDED_AVAILABILITY = YES_AGGRESSIVE;
				CLANG_WARN_UNREACHABLE_CODE = YES;
				CLANG_WARN__DUPLICATE_METHOD_MATCH = YES;
				COPY_PHASE_STRIP = NO;
				DEBUG_INFORMATION_FORMAT = dwarf;
				ENABLE_STRICT_OBJC_MSGSEND = YES;
				ENABLE_TESTABILITY = YES;
				ENABLE_USER_SCRIPT_SANDBOXING = YES;
				GCC_C_LANGUAGE_STANDARD = gnu17;
				GCC_DYNAMIC_NO_PIC = NO;
				GCC_NO_COMMON_BLOCKS = YES;
				GCC_OPTIMIZATION_LEVEL = 0;
				GCC_PREPROCESSOR_DEFINITIONS = (
					"DEBUG=1",
					"$(inherited)",
				);
				GCC_WARN_64_TO_32_BIT_CONVERSION = YES;
				GCC_WARN_ABOUT_RETURN_TYPE = YES_ERROR;
				GCC_WARN_UNDECLARED_SELECTOR = YES;
				GCC_WARN_UNINITIALIZED_AUTOS = YES_AGGRESSIVE;
				GCC_WARN_UNUSED_FUNCTION = YES;
				GCC_WARN_UNUSED_VARIABLE = YES;
				IPHONEOS_DEPLOYMENT_TARGET = 17.0;
				LOCALIZATION_PREFERS_STRING_CATALOGS = YES;
				MTL_ENABLE_DEBUG_INFO = INCLUDE_SOURCE;
				MTL_FAST_MATH = YES;
				ONLY_ACTIVE_ARCH = YES;
				SDKROOT = iphoneos;
				SWIFT_ACTIVE_COMPILATION_CONDITIONS = "DEBUG $(inherited)";
				SWIFT_OPTIMIZATION_LEVEL = "-Onone";
			};
			name = Debug;
		};
		C95311422B40EDD8006E0AA1 /* Release */ = {
			isa = XCBuildConfiguration;
			buildSettings = {
				ALWAYS_SEARCH_USER_PATHS = NO;
				ASSETCATALOG_COMPILER_GENERATE_SWIFT_ASSET_SYMBOL_EXTENSIONS = YES;
				CLANG_ANALYZER_NONNULL = YES;
				CLANG_ANALYZER_NUMBER_OBJECT_CONVERSION = YES_AGGRESSIVE;
				CLANG_CXX_LANGUAGE_STANDARD = "gnu++20";
				CLANG_ENABLE_MODULES = YES;
				CLANG_ENABLE_OBJC_ARC = YES;
				CLANG_ENABLE_OBJC_WEAK = YES;
				CLANG_WARN_BLOCK_CAPTURE_AUTORELEASING = YES;
				CLANG_WARN_BOOL_CONVERSION = YES;
				CLANG_WARN_COMMA = YES;
				CLANG_WARN_CONSTANT_CONVERSION = YES;
				CLANG_WARN_DEPRECATED_OBJC_IMPLEMENTATIONS = YES;
				CLANG_WARN_DIRECT_OBJC_ISA_USAGE = YES_ERROR;
				CLANG_WARN_DOCUMENTATION_COMMENTS = YES;
				CLANG_WARN_EMPTY_BODY = YES;
				CLANG_WARN_ENUM_CONVERSION = YES;
				CLANG_WARN_INFINITE_RECURSION = YES;
				CLANG_WARN_INT_CONVERSION = YES;
				CLANG_WARN_NON_LITERAL_NULL_CONVERSION = YES;
				CLANG_WARN_OBJC_IMPLICIT_RETAIN_SELF = YES;
				CLANG_WARN_OBJC_LITERAL_CONVERSION = YES;
				CLANG_WARN_OBJC_ROOT_CLASS = YES_ERROR;
				CLANG_WARN_QUOTED_INCLUDE_IN_FRAMEWORK_HEADER = YES;
				CLANG_WARN_RANGE_LOOP_ANALYSIS = YES;
				CLANG_WARN_STRICT_PROTOTYPES = YES;
				CLANG_WARN_SUSPICIOUS_MOVE = YES;
				CLANG_WARN_UNGUARDED_AVAILABILITY = YES_AGGRESSIVE;
				CLANG_WARN_UNREACHABLE_CODE = YES;
				CLANG_WARN__DUPLICATE_METHOD_MATCH = YES;
				COPY_PHASE_STRIP = NO;
				DEBUG_INFORMATION_FORMAT = "dwarf-with-dsym";
				ENABLE_NS_ASSERTIONS = NO;
				ENABLE_STRICT_OBJC_MSGSEND = YES;
				ENABLE_USER_SCRIPT_SANDBOXING = YES;
				GCC_C_LANGUAGE_STANDARD = gnu17;
				GCC_NO_COMMON_BLOCKS = YES;
				GCC_WARN_64_TO_32_BIT_CONVERSION = YES;
				GCC_WARN_ABOUT_RETURN_TYPE = YES_ERROR;
				GCC_WARN_UNDECLARED_SELECTOR = YES;
				GCC_WARN_UNINITIALIZED_AUTOS = YES_AGGRESSIVE;
				GCC_WARN_UNUSED_FUNCTION = YES;
				GCC_WARN_UNUSED_VARIABLE = YES;
				IPHONEOS_DEPLOYMENT_TARGET = 17.0;
				LOCALIZATION_PREFERS_STRING_CATALOGS = YES;
				MTL_ENABLE_DEBUG_INFO = NO;
				MTL_FAST_MATH = YES;
				SDKROOT = iphoneos;
				SWIFT_COMPILATION_MODE = wholemodule;
				VALIDATE_PRODUCT = YES;
			};
			name = Release;
		};
		C95311442B40EDD8006E0AA1 /* Debug */ = {
			isa = XCBuildConfiguration;
			buildSettings = {
				ASSETCATALOG_COMPILER_APPICON_NAME = AppIcon;
				ASSETCATALOG_COMPILER_GLOBAL_ACCENT_COLOR_NAME = AccentColor;
				CODE_SIGN_STYLE = Automatic;
				CURRENT_PROJECT_VERSION = 1;
				DEVELOPMENT_ASSET_PATHS = "\"DanteDelivery/Preview Content\"";
				ENABLE_PREVIEWS = YES;
				GENERATE_INFOPLIST_FILE = YES;
				INFOPLIST_KEY_UIApplicationSceneManifest_Generation = YES;
				INFOPLIST_KEY_UIApplicationSupportsIndirectInputEvents = YES;
				INFOPLIST_KEY_UILaunchScreen_Generation = YES;
				INFOPLIST_KEY_UISupportedInterfaceOrientations_iPad = "UIInterfaceOrientationPortrait UIInterfaceOrientationPortraitUpsideDown UIInterfaceOrientationLandscapeLeft UIInterfaceOrientationLandscapeRight";
				INFOPLIST_KEY_UISupportedInterfaceOrientations_iPhone = "UIInterfaceOrientationPortrait UIInterfaceOrientationLandscapeLeft UIInterfaceOrientationLandscapeRight";
				LD_RUNPATH_SEARCH_PATHS = (
					"$(inherited)",
					"@executable_path/Frameworks",
				);
				MARKETING_VERSION = 1.0;
				PRODUCT_BUNDLE_IDENTIFIER = dante.DanteDelivery;
				PRODUCT_NAME = "$(TARGET_NAME)";
				SWIFT_EMIT_LOC_STRINGS = YES;
				SWIFT_VERSION = 5.0;
				TARGETED_DEVICE_FAMILY = "1,2";
			};
			name = Debug;
		};
		C95311452B40EDD8006E0AA1 /* Release */ = {
			isa = XCBuildConfiguration;
			buildSettings = {
				ASSETCATALOG_COMPILER_APPICON_NAME = AppIcon;
				ASSETCATALOG_COMPILER_GLOBAL_ACCENT_COLOR_NAME = AccentColor;
				CODE_SIGN_STYLE = Automatic;
				CURRENT_PROJECT_VERSION = 1;
				DEVELOPMENT_ASSET_PATHS = "\"DanteDelivery/Preview Content\"";
				ENABLE_PREVIEWS = YES;
				GENERATE_INFOPLIST_FILE = YES;
				INFOPLIST_KEY_UIApplicationSceneManifest_Generation = YES;
				INFOPLIST_KEY_UIApplicationSupportsIndirectInputEvents = YES;
				INFOPLIST_KEY_UILaunchScreen_Generation = YES;
				INFOPLIST_KEY_UISupportedInterfaceOrientations_iPad = "UIInterfaceOrientationPortrait UIInterfaceOrientationPortraitUpsideDown UIInterfaceOrientationLandscapeLeft UIInterfaceOrientationLandscapeRight";
				INFOPLIST_KEY_UISupportedInterfaceOrientations_iPhone = "UIInterfaceOrientationPortrait UIInterfaceOrientationLandscapeLeft UIInterfaceOrientationLandscapeRight";
				LD_RUNPATH_SEARCH_PATHS = (
					"$(inherited)",
					"@executable_path/Frameworks",
				);
				MARKETING_VERSION = 1.0;
				PRODUCT_BUNDLE_IDENTIFIER = dante.DanteDelivery;
				PRODUCT_NAME = "$(TARGET_NAME)";
				SWIFT_EMIT_LOC_STRINGS = YES;
				SWIFT_VERSION = 5.0;
				TARGETED_DEVICE_FAMILY = "1,2";
			};
			name = Release;
		};
		C95311472B40EDD8006E0AA1 /* Debug */ = {
			isa = XCBuildConfiguration;
			buildSettings = {
				ALWAYS_EMBED_SWIFT_STANDARD_LIBRARIES = YES;
				BUNDLE_LOADER = "$(TEST_HOST)";
				CODE_SIGN_STYLE = Automatic;
				CURRENT_PROJECT_VERSION = 1;
				GENERATE_INFOPLIST_FILE = YES;
				IPHONEOS_DEPLOYMENT_TARGET = 17.0;
				MARKETING_VERSION = 1.0;
				PRODUCT_BUNDLE_IDENTIFIER = dante.DanteDeliveryTests;
				PRODUCT_NAME = "$(TARGET_NAME)";
				SWIFT_EMIT_LOC_STRINGS = NO;
				SWIFT_VERSION = 5.0;
				TARGETED_DEVICE_FAMILY = "1,2";
				TEST_HOST = "$(BUILT_PRODUCTS_DIR)/DanteDelivery.app/$(BUNDLE_EXECUTABLE_FOLDER_PATH)/DanteDelivery";
			};
			name = Debug;
		};
		C95311482B40EDD8006E0AA1 /* Release */ = {
			isa = XCBuildConfiguration;
			buildSettings = {
				ALWAYS_EMBED_SWIFT_STANDARD_LIBRARIES = YES;
				BUNDLE_LOADER = "$(TEST_HOST)";
				CODE_SIGN_STYLE = Automatic;
				CURRENT_PROJECT_VERSION = 1;
				GENERATE_INFOPLIST_FILE = YES;
				IPHONEOS_DEPLOYMENT_TARGET = 17.0;
				MARKETING_VERSION = 1.0;
				PRODUCT_BUNDLE_IDENTIFIER = dante.DanteDeliveryTests;
				PRODUCT_NAME = "$(TARGET_NAME)";
				SWIFT_EMIT_LOC_STRINGS = NO;
				SWIFT_VERSION = 5.0;
				TARGETED_DEVICE_FAMILY = "1,2";
				TEST_HOST = "$(BUILT_PRODUCTS_DIR)/DanteDelivery.app/$(BUNDLE_EXECUTABLE_FOLDER_PATH)/DanteDelivery";
			};
			name = Release;
		};
		C953114A2B40EDD8006E0AA1 /* Debug */ = {
			isa = XCBuildConfiguration;
			buildSettings = {
				ALWAYS_EMBED_SWIFT_STANDARD_LIBRARIES = YES;
				CODE_SIGN_STYLE = Automatic;
				CURRENT_PROJECT_VERSION = 1;
				GENERATE_INFOPLIST_FILE = YES;
				MARKETING_VERSION = 1.0;
				PRODUCT_BUNDLE_IDENTIFIER = dante.DanteDeliveryUITests;
				PRODUCT_NAME = "$(TARGET_NAME)";
				SWIFT_EMIT_LOC_STRINGS = NO;
				SWIFT_VERSION = 5.0;
				TARGETED_DEVICE_FAMILY = "1,2";
				TEST_TARGET_NAME = DanteDelivery;
			};
			name = Debug;
		};
		C953114B2B40EDD8006E0AA1 /* Release */ = {
			isa = XCBuildConfiguration;
			buildSettings = {
				ALWAYS_EMBED_SWIFT_STANDARD_LIBRARIES = YES;
				CODE_SIGN_STYLE = Automatic;
				CURRENT_PROJECT_VERSION = 1;
				GENERATE_INFOPLIST_FILE = YES;
				MARKETING_VERSION = 1.0;
				PRODUCT_BUNDLE_IDENTIFIER = dante.DanteDeliveryUITests;
				PRODUCT_NAME = "$(TARGET_NAME)";
				SWIFT_EMIT_LOC_STRINGS = NO;
				SWIFT_VERSION = 5.0;
				TARGETED_DEVICE_FAMILY = "1,2";
				TEST_TARGET_NAME = DanteDelivery;
			};
			name = Release;
		};
/* End XCBuildConfiguration section */

/* Begin XCConfigurationList section */
		C953111A2B40EDD7006E0AA1 /* Build configuration list for PBXProject "DanteDelivery" */ = {
			isa = XCConfigurationList;
			buildConfigurations = (
				C95311412B40EDD8006E0AA1 /* Debug */,
				C95311422B40EDD8006E0AA1 /* Release */,
			);
			defaultConfigurationIsVisible = 0;
			defaultConfigurationName = Release;
		};
		C95311432B40EDD8006E0AA1 /* Build configuration list for PBXNativeTarget "DanteDelivery" */ = {
			isa = XCConfigurationList;
			buildConfigurations = (
				C95311442B40EDD8006E0AA1 /* Debug */,
				C95311452B40EDD8006E0AA1 /* Release */,
			);
			defaultConfigurationIsVisible = 0;
			defaultConfigurationName = Release;
		};
		C95311462B40EDD8006E0AA1 /* Build configuration list for PBXNativeTarget "DanteDeliveryTests" */ = {
			isa = XCConfigurationList;
			buildConfigurations = (
				C95311472B40EDD8006E0AA1 /* Debug */,
				C95311482B40EDD8006E0AA1 /* Release */,
			);
			defaultConfigurationIsVisible = 0;
			defaultConfigurationName = Release;
		};
		C95311492B40EDD8006E0AA1 /* Build configuration list for PBXNativeTarget "DanteDeliveryUITests" */ = {
			isa = XCConfigurationList;
			buildConfigurations = (
				C953114A2B40EDD8006E0AA1 /* Debug */,
				C953114B2B40EDD8006E0AA1 /* Release */,
			);
			defaultConfigurationIsVisible = 0;
			defaultConfigurationName = Release;
		};
/* End XCConfigurationList section */
	};
	rootObject = C95311172B40EDD7006E0AA1 /* Project object */;
}
