// !$*UTF8*$!
{
	archiveVersion = 1;
	classes = {
	};
	objectVersion = 56;
	objects = {

/* Begin PBXBuildFile section */
		C95311232B40EDD7006E0AA1 /* DanteDeliveryApp.swift in Sources */ = {isa = PBXBuildFile; fileRef = C95311222B40EDD7006E0AA1 /* DanteDeliveryApp.swift */; };
		C95311252B40EDD7006E0AA1 /* ContentView.swift in Sources */ = {isa = PBXBuildFile; fileRef = C95311242B40EDD7006E0AA1 /* ContentView.swift */; };
		C95311272B40EDD8006E0AA1 /* Assets.xcassets in Resources */ = {isa = PBXBuildFile; fileRef = C95311262B40EDD8006E0AA1 /* Assets.xcassets */; };
		C953114F2B40F21F006E0AA1 /* NavigationBar.swift in Sources */ = {isa = PBXBuildFile; fileRef = C953114E2B40F21F006E0AA1 /* NavigationBar.swift */; };
		C96C6A432B4C24CC0070257A /* Double+.swift in Sources */ = {isa = PBXBuildFile; fileRef = C96C6A422B4C24CC0070257A /* Double+.swift */; };
		C96C6A462B4C28610070257A /* ProductDetailView.swift in Sources */ = {isa = PBXBuildFile; fileRef = C96C6A452B4C28610070257A /* ProductDetailView.swift */; };
		C987FF752B41CF0D004845E4 /* OrderTypeGrid.swift in Sources */ = {isa = PBXBuildFile; fileRef = C987FF742B41CF0D004845E4 /* OrderTypeGrid.swift */; };
		C987FF782B41D39C004845E4 /* OrderType.swift in Sources */ = {isa = PBXBuildFile; fileRef = C987FF772B41D39C004845E4 /* OrderType.swift */; };
		C987FF7A2B41D514004845E4 /* DataSourceMock.swift in Sources */ = {isa = PBXBuildFile; fileRef = C987FF792B41D514004845E4 /* DataSourceMock.swift */; };
		C987FF7C2B41D81F004845E4 /* OrderTypeView.swift in Sources */ = {isa = PBXBuildFile; fileRef = C987FF7B2B41D81F004845E4 /* OrderTypeView.swift */; };
		C987FF7F2B4309E7004845E4 /* CarouselItemView.swift in Sources */ = {isa = PBXBuildFile; fileRef = C987FF7E2B4309E7004845E4 /* CarouselItemView.swift */; };
		C987FF812B430DEB004845E4 /* CarrouselTabView.swift in Sources */ = {isa = PBXBuildFile; fileRef = C987FF802B430DEB004845E4 /* CarrouselTabView.swift */; };
		C987FF842B433899004845E4 /* StoreItemView.swift in Sources */ = {isa = PBXBuildFile; fileRef = C987FF832B433899004845E4 /* StoreItemView.swift */; };
		C987FF862B433B11004845E4 /* StoresContainerView.swift in Sources */ = {isa = PBXBuildFile; fileRef = C987FF852B433B11004845E4 /* StoresContainerView.swift */; };
		C987FF882B44F90A004845E4 /* StoreDetailView.swift in Sources */ = {isa = PBXBuildFile; fileRef = C987FF872B44F90A004845E4 /* StoreDetailView.swift */; };
		C987FF8A2B44FC2F004845E4 /* StoreType.swift in Sources */ = {isa = PBXBuildFile; fileRef = C987FF892B44FC2F004845E4 /* StoreType.swift */; };
		C987FF8C2B44FC94004845E4 /* ProductType.swift in Sources */ = {isa = PBXBuildFile; fileRef = C987FF8B2B44FC94004845E4 /* ProductType.swift */; };
		C9B036BF2B71578B0078ACD1 /* StoreDetailHeaderView.swift in Sources */ = {isa = PBXBuildFile; fileRef = C9B036BE2B71578B0078ACD1 /* StoreDetailHeaderView.swift */; };
		C9B036C12B71583C0078ACD1 /* StoreDetailProductsView.swift in Sources */ = {isa = PBXBuildFile; fileRef = C9B036C02B71583C0078ACD1 /* StoreDetailProductsView.swift */; };
		C9B036C32B715C230078ACD1 /* StoreDetailProductItemView.swift in Sources */ = {isa = PBXBuildFile; fileRef = C9B036C22B715C230078ACD1 /* StoreDetailProductItemView.swift */; };
		C9B036C52B715EF20078ACD1 /* ProductDetailHeaderView.swift in Sources */ = {isa = PBXBuildFile; fileRef = C9B036C42B715EF20078ACD1 /* ProductDetailHeaderView.swift */; };
		C9B036C72B715F610078ACD1 /* ProductDetailQuantity.swift in Sources */ = {isa = PBXBuildFile; fileRef = C9B036C62B715F610078ACD1 /* ProductDetailQuantity.swift */; };
/* End PBXBuildFile section */

/* Begin PBXContainerItemProxy section */
		C95311302B40EDD8006E0AA1 /* PBXContainerItemProxy */ = {
			isa = PBXContainerItemProxy;
			containerPortal = C95311172B40EDD7006E0AA1 /* Project object */;
			proxyType = 1;
			remoteGlobalIDString = C953111E2B40EDD7006E0AA1;
			remoteInfo = DanteDelivery;
		};
		C953113A2B40EDD8006E0AA1 /* PBXContainerItemProxy */ = {
			isa = PBXContainerItemProxy;
			containerPortal = C95311172B40EDD7006E0AA1 /* Project object */;
			proxyType = 1;
			remoteGlobalIDString = C953111E2B40EDD7006E0AA1;
			remoteInfo = DanteDelivery;
		};
/* End PBXContainerItemProxy section */

/* Begin PBXFileReference section */
		C953111F2B40EDD7006E0AA1 /* DanteDelivery.app */ = {isa = PBXFileReference; explicitFileType = wrapper.application; includeInIndex = 0; path = DanteDelivery.app; sourceTree = BUILT_PRODUCTS_DIR; };
		C95311222B40EDD7006E0AA1 /* DanteDeliveryApp.swift */ = {isa = PBXFileReference; lastKnownFileType = sourcecode.swift; path = DanteDeliveryApp.swift; sourceTree = "<group>"; };
		C95311242B40EDD7006E0AA1 /* ContentView.swift */ = {isa = PBXFileReference; lastKnownFileType = sourcecode.swift; path = ContentView.swift; sourceTree = "<group>"; };
		C95311262B40EDD8006E0AA1 /* Assets.xcassets */ = {isa = PBXFileReference; lastKnownFileType = folder.assetcatalog; path = Assets.xcassets; sourceTree = "<group>"; };
		C953112F2B40EDD8006E0AA1 /* DanteDeliveryTests.xctest */ = {isa = PBXFileReference; explicitFileType = wrapper.cfbundle; includeInIndex = 0; path = DanteDeliveryTests.xctest; sourceTree = BUILT_PRODUCTS_DIR; };
		C95311392B40EDD8006E0AA1 /* DanteDeliveryUITests.xctest */ = {isa = PBXFileReference; explicitFileType = wrapper.cfbundle; includeInIndex = 0; path = DanteDeliveryUITests.xctest; sourceTree = BUILT_PRODUCTS_DIR; };
		C953114E2B40F21F006E0AA1 /* NavigationBar.swift */ = {isa = PBXFileReference; lastKnownFileType = sourcecode.swift; path = NavigationBar.swift; sourceTree = "<group>"; };
		C96C6A422B4C24CC0070257A /* Double+.swift */ = {isa = PBXFileReference; lastKnownFileType = sourcecode.swift; path = "Double+.swift"; sourceTree = "<group>"; };
		C96C6A452B4C28610070257A /* ProductDetailView.swift */ = {isa = PBXFileReference; lastKnownFileType = sourcecode.swift; path = ProductDetailView.swift; sourceTree = "<group>"; };
		C987FF742B41CF0D004845E4 /* OrderTypeGrid.swift */ = {isa = PBXFileReference; lastKnownFileType = sourcecode.swift; path = OrderTypeGrid.swift; sourceTree = "<group>"; };
		C987FF772B41D39C004845E4 /* OrderType.swift */ = {isa = PBXFileReference; lastKnownFileType = sourcecode.swift; path = OrderType.swift; sourceTree = "<group>"; };
		C987FF792B41D514004845E4 /* DataSourceMock.swift */ = {isa = PBXFileReference; lastKnownFileType = sourcecode.swift; path = DataSourceMock.swift; sourceTree = "<group>"; };
		C987FF7B2B41D81F004845E4 /* OrderTypeView.swift */ = {isa = PBXFileReference; lastKnownFileType = sourcecode.swift; path = OrderTypeView.swift; sourceTree = "<group>"; };
		C987FF7E2B4309E7004845E4 /* CarouselItemView.swift */ = {isa = PBXFileReference; lastKnownFileType = sourcecode.swift; path = CarouselItemView.swift; sourceTree = "<group>"; };
		C987FF802B430DEB004845E4 /* CarrouselTabView.swift */ = {isa = PBXFileReference; lastKnownFileType = sourcecode.swift; path = CarrouselTabView.swift; sourceTree = "<group>"; };
		C987FF832B433899004845E4 /* StoreItemView.swift */ = {isa = PBXFileReference; lastKnownFileType = sourcecode.swift; path = StoreItemView.swift; sourceTree = "<group>"; };
		C987FF852B433B11004845E4 /* StoresContainerView.swift */ = {isa = PBXFileReference; lastKnownFileType = sourcecode.swift; path = StoresContainerView.swift; sourceTree = "<group>"; };
		C987FF872B44F90A004845E4 /* StoreDetailView.swift */ = {isa = PBXFileReference; lastKnownFileType = sourcecode.swift; path = StoreDetailView.swift; sourceTree = "<group>"; };
		C987FF892B44FC2F004845E4 /* StoreType.swift */ = {isa = PBXFileReference; lastKnownFileType = sourcecode.swift; path = StoreType.swift; sourceTree = "<group>"; };
		C987FF8B2B44FC94004845E4 /* ProductType.swift */ = {isa = PBXFileReference; lastKnownFileType = sourcecode.swift; path = ProductType.swift; sourceTree = "<group>"; };
		C9B036BE2B71578B0078ACD1 /* StoreDetailHeaderView.swift */ = {isa = PBXFileReference; lastKnownFileType = sourcecode.swift; path = StoreDetailHeaderView.swift; sourceTree = "<group>"; };
		C9B036C02B71583C0078ACD1 /* StoreDetailProductsView.swift */ = {isa = PBXFileReference; lastKnownFileType = sourcecode.swift; path = StoreDetailProductsView.swift; sourceTree = "<group>"; };
		C9B036C22B715C230078ACD1 /* StoreDetailProductItemView.swift */ = {isa = PBXFileReference; lastKnownFileType = sourcecode.swift; path = StoreDetailProductItemView.swift; sourceTree = "<group>"; };
		C9B036C42B715EF20078ACD1 /* ProductDetailHeaderView.swift */ = {isa = PBXFileReference; lastKnownFileType = sourcecode.swift; path = ProductDetailHeaderView.swift; sourceTree = "<group>"; };
		C9B036C62B715F610078ACD1 /* ProductDetailQuantity.swift */ = {isa = PBXFileReference; lastKnownFileType = sourcecode.swift; path = ProductDetailQuantity.swift; sourceTree = "<group>"; };
/* End PBXFileReference section */

/* Begin PBXFrameworksBuildPhase section */
		C953111C2B40EDD7006E0AA1 /* Frameworks */ = {
			isa = PBXFrameworksBuildPhase;
			buildActionMask = 2147483647;
			files = (
			);
			runOnlyForDeploymentPostprocessing = 0;
		};
		C953112C2B40EDD8006E0AA1 /* Frameworks */ = {
			isa = PBXFrameworksBuildPhase;
			buildActionMask = 2147483647;
			files = (
			);
			runOnlyForDeploymentPostprocessing = 0;
		};
		C95311362B40EDD8006E0AA1 /* Frameworks */ = {
			isa = PBXFrameworksBuildPhase;
			buildActionMask = 2147483647;
			files = (
			);
			runOnlyForDeploymentPostprocessing = 0;
		};
/* End PBXFrameworksBuildPhase section */

/* Begin PBXGroup section */
		C95311162B40EDD7006E0AA1 = {
			isa = PBXGroup;
			children = (
				C95311212B40EDD7006E0AA1 /* DanteDelivery */,
				C95311202B40EDD7006E0AA1 /* Products */,
			);
			sourceTree = "<group>";
		};
		C95311202B40EDD7006E0AA1 /* Products */ = {
			isa = PBXGroup;
			children = (
				C953111F2B40EDD7006E0AA1 /* DanteDelivery.app */,
				C953112F2B40EDD8006E0AA1 /* DanteDeliveryTests.xctest */,
				C95311392B40EDD8006E0AA1 /* DanteDeliveryUITests.xctest */,
			);
			name = Products;
			sourceTree = "<group>";
		};
		C95311212B40EDD7006E0AA1 /* DanteDelivery */ = {
			isa = PBXGroup;
			children = (
				C96C6A442B4C284D0070257A /* ProductView */,
				C96C6A412B4C24B10070257A /* Extention */,
				C953114D2B40F1E7006E0AA1 /* App */,
				C987FF762B41D365004845E4 /* Models */,
				C953114C2B40F1CD006E0AA1 /* NavigationBar */,
				C95311502B41CE9A006E0AA1 /* GridView */,
				C987FF7D2B430994004845E4 /* Carrousel */,
				C987FF822B433876004845E4 /* Stores */,
				C95311262B40EDD8006E0AA1 /* Assets.xcassets */,
			);
			path = DanteDelivery;
			sourceTree = "<group>";
		};
		C953114C2B40F1CD006E0AA1 /* NavigationBar */ = {
			isa = PBXGroup;
			children = (
				C953114E2B40F21F006E0AA1 /* NavigationBar.swift */,
			);
			path = NavigationBar;
			sourceTree = "<group>";
		};
		C953114D2B40F1E7006E0AA1 /* App */ = {
			isa = PBXGroup;
			children = (
				C95311222B40EDD7006E0AA1 /* DanteDeliveryApp.swift */,
				C95311242B40EDD7006E0AA1 /* ContentView.swift */,
			);
			path = App;
			sourceTree = "<group>";
		};
		C95311502B41CE9A006E0AA1 /* GridView */ = {
			isa = PBXGroup;
			children = (
				C987FF742B41CF0D004845E4 /* OrderTypeGrid.swift */,
				C987FF7B2B41D81F004845E4 /* OrderTypeView.swift */,
			);
			path = GridView;
			sourceTree = "<group>";
		};
		C96C6A412B4C24B10070257A /* Extention */ = {
			isa = PBXGroup;
			children = (
				C96C6A422B4C24CC0070257A /* Double+.swift */,
			);
			path = Extention;
			sourceTree = "<group>";
		};
		C96C6A442B4C284D0070257A /* ProductView */ = {
			isa = PBXGroup;
			children = (
				C96C6A452B4C28610070257A /* ProductDetailView.swift */,
				C9B036C42B715EF20078ACD1 /* ProductDetailHeaderView.swift */,
				C9B036C62B715F610078ACD1 /* ProductDetailQuantity.swift */,
			);
			path = ProductView;
			sourceTree = "<group>";
		};
		C987FF762B41D365004845E4 /* Models */ = {
			isa = PBXGroup;
			children = (
				C987FF772B41D39C004845E4 /* OrderType.swift */,
				C987FF792B41D514004845E4 /* DataSourceMock.swift */,
				C987FF892B44FC2F004845E4 /* StoreType.swift */,
				C987FF8B2B44FC94004845E4 /* ProductType.swift */,
			);
			path = Models;
			sourceTree = "<group>";
		};
		C987FF7D2B430994004845E4 /* Carrousel */ = {
			isa = PBXGroup;
			children = (
				C987FF7E2B4309E7004845E4 /* CarouselItemView.swift */,
				C987FF802B430DEB004845E4 /* CarrouselTabView.swift */,
			);
			path = Carrousel;
			sourceTree = "<group>";
		};
		C987FF822B433876004845E4 /* Stores */ = {
			isa = PBXGroup;
			children = (
				C9B036BD2B71576C0078ACD1 /* StoreDetailView */,
				C987FF832B433899004845E4 /* StoreItemView.swift */,
				C987FF852B433B11004845E4 /* StoresContainerView.swift */,
			);
			path = Stores;
			sourceTree = "<group>";
		};
		C9B036BD2B71576C0078ACD1 /* StoreDetailView */ = {
			isa = PBXGroup;
			children = (
				C987FF872B44F90A004845E4 /* StoreDetailView.swift */,
				C9B036BE2B71578B0078ACD1 /* StoreDetailHeaderView.swift */,
				C9B036C02B71583C0078ACD1 /* StoreDetailProductsView.swift */,
				C9B036C22B715C230078ACD1 /* StoreDetailProductItemView.swift */,
			);
			path = StoreDetailView;
			sourceTree = "<group>";
		};
/* End PBXGroup section */

/* Begin PBXNativeTarget section */
		C953111E2B40EDD7006E0AA1 /* DanteDelivery */ = {
			isa = PBXNativeTarget;
			buildConfigurationList = C95311432B40EDD8006E0AA1 /* Build configuration list for PBXNativeTarget "DanteDelivery" */;
			buildPhases = (
				C953111B2B40EDD7006E0AA1 /* Sources */,
				C953111C2B40EDD7006E0AA1 /* Frameworks */,
				C953111D2B40EDD7006E0AA1 /* Resources */,
			);
			buildRules = (
			);
			dependencies = (
			);
			name = DanteDelivery;
			productName = DanteDelivery;
			productReference = C953111F2B40EDD7006E0AA1 /* DanteDelivery.app */;
			productType = "com.apple.product-type.application";
		};
		C953112E2B40EDD8006E0AA1 /* DanteDeliveryTests */ = {
			isa = PBXNativeTarget;
			buildConfigurationList = C95311462B40EDD8006E0AA1 /* Build configuration list for PBXNativeTarget "DanteDeliveryTests" */;
			buildPhases = (
				C953112B2B40EDD8006E0AA1 /* Sources */,
				C953112C2B40EDD8006E0AA1 /* Frameworks */,
				C953112D2B40EDD8006E0AA1 /* Resources */,
			);
			buildRules = (
			);
			dependencies = (
				C95311312B40EDD8006E0AA1 /* PBXTargetDependency */,
			);
			name = DanteDeliveryTests;
			productName = DanteDeliveryTests;
			productReference = C953112F2B40EDD8006E0AA1 /* DanteDeliveryTests.xctest */;
			productType = "com.apple.product-type.bundle.unit-test";
		};
		C95311382B40EDD8006E0AA1 /* DanteDeliveryUITests */ = {
			isa = PBXNativeTarget;
			buildConfigurationList = C95311492B40EDD8006E0AA1 /* Build configuration list for PBXNativeTarget "DanteDeliveryUITests" */;
			buildPhases = (
				C95311352B40EDD8006E0AA1 /* Sources */,
				C95311362B40EDD8006E0AA1 /* Frameworks */,
				C95311372B40EDD8006E0AA1 /* Resources */,
			);
			buildRules = (
			);
			dependencies = (
				C953113B2B40EDD8006E0AA1 /* PBXTargetDependency */,
			);
			name = DanteDeliveryUITests;
			productName = DanteDeliveryUITests;
			productReference = C95311392B40EDD8006E0AA1 /* DanteDeliveryUITests.xctest */;
			productType = "com.apple.product-type.bundle.ui-testing";
		};
/* End PBXNativeTarget section */

/* Begin PBXProject section */
		C95311172B40EDD7006E0AA1 /* Project object */ = {
			isa = PBXProject;
			attributes = {
				BuildIndependentTargetsInParallel = 1;
				LastSwiftUpdateCheck = 1500;
				LastUpgradeCheck = 1500;
				TargetAttributes = {
					C953111E2B40EDD7006E0AA1 = {
						CreatedOnToolsVersion = 15.0.1;
					};
					C953112E2B40EDD8006E0AA1 = {
						CreatedOnToolsVersion = 15.0.1;
						TestTargetID = C953111E2B40EDD7006E0AA1;
					};
					C95311382B40EDD8006E0AA1 = {
						CreatedOnToolsVersion = 15.0.1;
						TestTargetID = C953111E2B40EDD7006E0AA1;
					};
				};
			};
			buildConfigurationList = C953111A2B40EDD7006E0AA1 /* Build configuration list for PBXProject "DanteDelivery" */;
			compatibilityVersion = "Xcode 14.0";
			developmentRegion = en;
			hasScannedForEncodings = 0;
			knownRegions = (
				en,
				Base,
			);
			mainGroup = C95311162B40EDD7006E0AA1;
			productRefGroup = C95311202B40EDD7006E0AA1 /* Products */;
			projectDirPath = "";
			projectRoot = "";
			targets = (
				C953111E2B40EDD7006E0AA1 /* DanteDelivery */,
				C953112E2B40EDD8006E0AA1 /* DanteDeliveryTests */,
				C95311382B40EDD8006E0AA1 /* DanteDeliveryUITests */,
			);
		};
/* End PBXProject section */

/* Begin PBXResourcesBuildPhase section */
		C953111D2B40EDD7006E0AA1 /* Resources */ = {
			isa = PBXResourcesBuildPhase;
			buildActionMask = 2147483647;
			files = (
				C95311272B40EDD8006E0AA1 /* Assets.xcassets in Resources */,
			);
			runOnlyForDeploymentPostprocessing = 0;
		};
		C953112D2B40EDD8006E0AA1 /* Resources */ = {
			isa = PBXResourcesBuildPhase;
			buildActionMask = 2147483647;
			files = (
			);
			runOnlyForDeploymentPostprocessing = 0;
		};
		C95311372B40EDD8006E0AA1 /* Resources */ = {
			isa = PBXResourcesBuildPhase;
			buildActionMask = 2147483647;
			files = (
			);
			runOnlyForDeploymentPostprocessing = 0;
		};
/* End PBXResourcesBuildPhase section */

/* Begin PBXSourcesBuildPhase section */
		C953111B2B40EDD7006E0AA1 /* Sources */ = {
			isa = PBXSourcesBuildPhase;
			buildActionMask = 2147483647;
			files = (
				C9B036C52B715EF20078ACD1 /* ProductDetailHeaderView.swift in Sources */,
				C987FF782B41D39C004845E4 /* OrderType.swift in Sources */,
				C96C6A462B4C28610070257A /* ProductDetailView.swift in Sources */,
				C987FF8C2B44FC94004845E4 /* ProductType.swift in Sources */,
				C987FF7F2B4309E7004845E4 /* CarouselItemView.swift in Sources */,
				C95311252B40EDD7006E0AA1 /* ContentView.swift in Sources */,
				C96C6A432B4C24CC0070257A /* Double+.swift in Sources */,
				C987FF7A2B41D514004845E4 /* DataSourceMock.swift in Sources */,
				C987FF862B433B11004845E4 /* StoresContainerView.swift in Sources */,
				C987FF7C2B41D81F004845E4 /* OrderTypeView.swift in Sources */,
				C987FF842B433899004845E4 /* StoreItemView.swift in Sources */,
				C987FF882B44F90A004845E4 /* StoreDetailView.swift in Sources */,
				C9B036C72B715F610078ACD1 /* ProductDetailQuantity.swift in Sources */,
				C95311232B40EDD7006E0AA1 /* DanteDeliveryApp.swift in Sources */,
				C987FF752B41CF0D004845E4 /* OrderTypeGrid.swift in Sources */,
				C987FF812B430DEB004845E4 /* CarrouselTabView.swift in Sources */,
				C987FF8A2B44FC2F004845E4 /* StoreType.swift in Sources */,
				C9B036C12B71583C0078ACD1 /* StoreDetailProductsView.swift in Sources */,
				C953114F2B40F21F006E0AA1 /* NavigationBar.swift in Sources */,
				C9B036C32B715C230078ACD1 /* StoreDetailProductItemView.swift in Sources */,
				C9B036BF2B71578B0078ACD1 /* StoreDetailHeaderView.swift in Sources */,
			);
			runOnlyForDeploymentPostprocessing = 0;
		};
		C953112B2B40EDD8006E0AA1 /* Sources */ = {
			isa = PBXSourcesBuildPhase;
			buildActionMask = 2147483647;
			files = (
			);
			runOnlyForDeploymentPostprocessing = 0;
		};
		C95311352B40EDD8006E0AA1 /* Sources */ = {
			isa = PBXSourcesBuildPhase;
			buildActionMask = 2147483647;
			files = (
			);
			runOnlyForDeploymentPostprocessing = 0;
		};
/* End PBXSourcesBuildPhase section */

/* Begin PBXTargetDependency section */
		C95311312B40EDD8006E0AA1 /* PBXTargetDependency */ = {
			isa = PBXTargetDependency;
			target = C953111E2B40EDD7006E0AA1 /* DanteDelivery */;
			targetProxy = C95311302B40EDD8006E0AA1 /* PBXContainerItemProxy */;
		};
		C953113B2B40EDD8006E0AA1 /* PBXTargetDependency */ = {
			isa = PBXTargetDependency;
			target = C953111E2B40EDD7006E0AA1 /* DanteDelivery */;
			targetProxy = C953113A2B40EDD8006E0AA1 /* PBXContainerItemProxy */;
		};
/* End PBXTargetDependency section */

/* Begin XCBuildConfiguration section */
		C95311412B40EDD8006E0AA1 /* Debug */ = {
			isa = XCBuildConfiguration;
			buildSettings = {
				ALWAYS_SEARCH_USER_PATHS = NO;
				ASSETCATALOG_COMPILER_GENERATE_SWIFT_ASSET_SYMBOL_EXTENSIONS = YES;
				CLANG_ANALYZER_NONNULL = YES;
				CLANG_ANALYZER_NUMBER_OBJECT_CONVERSION = YES_AGGRESSIVE;
				CLANG_CXX_LANGUAGE_STANDARD = "gnu++20";
				CLANG_ENABLE_MODULES = YES;
				CLANG_ENABLE_OBJC_ARC = YES;
				CLANG_ENABLE_OBJC_WEAK = YES;
				CLANG_WARN_BLOCK_CAPTURE_AUTORELEASING = YES;
				CLANG_WARN_BOOL_CONVERSION = YES;
				CLANG_WARN_COMMA = YES;
				CLANG_WARN_CONSTANT_CONVERSION = YES;
				CLANG_WARN_DEPRECATED_OBJC_IMPLEMENTATIONS = YES;
				CLANG_WARN_DIRECT_OBJC_ISA_USAGE = YES_ERROR;
				CLANG_WARN_DOCUMENTATION_COMMENTS = YES;
				CLANG_WARN_EMPTY_BODY = YES;
				CLANG_WARN_ENUM_CONVERSION = YES;
				CLANG_WARN_INFINITE_RECURSION = YES;
				CLANG_WARN_INT_CONVERSION = YES;
				CLANG_WARN_NON_LITERAL_NULL_CONVERSION = YES;
				CLANG_WARN_OBJC_IMPLICIT_RETAIN_SELF = YES;
				CLANG_WARN_OBJC_LITERAL_CONVERSION = YES;
				CLANG_WARN_OBJC_ROOT_CLASS = YES_ERROR;
				CLANG_WARN_QUOTED_INCLUDE_IN_FRAMEWORK_HEADER = YES;
				CLANG_WARN_RANGE_LOOP_ANALYSIS = YES;
				CLANG_WARN_STRICT_PROTOTYPES = YES;
				CLANG_WARN_SUSPICIOUS_MOVE = YES;
				CLANG_WARN_UNGUARDED_AVAILABILITY = YES_AGGRESSIVE;
				CLANG_WARN_UNREACHABLE_CODE = YES;
				CLANG_WARN__DUPLICATE_METHOD_MATCH = YES;
				COPY_PHASE_STRIP = NO;
				DEBUG_INFORMATION_FORMAT = dwarf;
				ENABLE_STRICT_OBJC_MSGSEND = YES;
				ENABLE_TESTABILITY = YES;
				ENABLE_USER_SCRIPT_SANDBOXING = YES;
				GCC_C_LANGUAGE_STANDARD = gnu17;
				GCC_DYNAMIC_NO_PIC = NO;
				GCC_NO_COMMON_BLOCKS = YES;
				GCC_OPTIMIZATION_LEVEL = 0;
				GCC_PREPROCESSOR_DEFINITIONS = (
					"DEBUG=1",
					"$(inherited)",
				);
				GCC_WARN_64_TO_32_BIT_CONVERSION = YES;
				GCC_WARN_ABOUT_RETURN_TYPE = YES_ERROR;
				GCC_WARN_UNDECLARED_SELECTOR = YES;
				GCC_WARN_UNINITIALIZED_AUTOS = YES_AGGRESSIVE;
				GCC_WARN_UNUSED_FUNCTION = YES;
				GCC_WARN_UNUSED_VARIABLE = YES;
				IPHONEOS_DEPLOYMENT_TARGET = 17.0;
				LOCALIZATION_PREFERS_STRING_CATALOGS = YES;
				MTL_ENABLE_DEBUG_INFO = INCLUDE_SOURCE;
				MTL_FAST_MATH = YES;
				ONLY_ACTIVE_ARCH = YES;
				SDKROOT = iphoneos;
				SWIFT_ACTIVE_COMPILATION_CONDITIONS = "DEBUG $(inherited)";
				SWIFT_OPTIMIZATION_LEVEL = "-Onone";
			};
			name = Debug;
		};
		C95311422B40EDD8006E0AA1 /* Release */ = {
			isa = XCBuildConfiguration;
			buildSettings = {
				ALWAYS_SEARCH_USER_PATHS = NO;
				ASSETCATALOG_COMPILER_GENERATE_SWIFT_ASSET_SYMBOL_EXTENSIONS = YES;
				CLANG_ANALYZER_NONNULL = YES;
				CLANG_ANALYZER_NUMBER_OBJECT_CONVERSION = YES_AGGRESSIVE;
				CLANG_CXX_LANGUAGE_STANDARD = "gnu++20";
				CLANG_ENABLE_MODULES = YES;
				CLANG_ENABLE_OBJC_ARC = YES;
				CLANG_ENABLE_OBJC_WEAK = YES;
				CLANG_WARN_BLOCK_CAPTURE_AUTORELEASING = YES;
				CLANG_WARN_BOOL_CONVERSION = YES;
				CLANG_WARN_COMMA = YES;
				CLANG_WARN_CONSTANT_CONVERSION = YES;
				CLANG_WARN_DEPRECATED_OBJC_IMPLEMENTATIONS = YES;
				CLANG_WARN_DIRECT_OBJC_ISA_USAGE = YES_ERROR;
				CLANG_WARN_DOCUMENTATION_COMMENTS = YES;
				CLANG_WARN_EMPTY_BODY = YES;
				CLANG_WARN_ENUM_CONVERSION = YES;
				CLANG_WARN_INFINITE_RECURSION = YES;
				CLANG_WARN_INT_CONVERSION = YES;
				CLANG_WARN_NON_LITERAL_NULL_CONVERSION = YES;
				CLANG_WARN_OBJC_IMPLICIT_RETAIN_SELF = YES;
				CLANG_WARN_OBJC_LITERAL_CONVERSION = YES;
				CLANG_WARN_OBJC_ROOT_CLASS = YES_ERROR;
				CLANG_WARN_QUOTED_INCLUDE_IN_FRAMEWORK_HEADER = YES;
				CLANG_WARN_RANGE_LOOP_ANALYSIS = YES;
				CLANG_WARN_STRICT_PROTOTYPES = YES;
				CLANG_WARN_SUSPICIOUS_MOVE = YES;
				CLANG_WARN_UNGUARDED_AVAILABILITY = YES_AGGRESSIVE;
				CLANG_WARN_UNREACHABLE_CODE = YES;
				CLANG_WARN__DUPLICATE_METHOD_MATCH = YES;
				COPY_PHASE_STRIP = NO;
				DEBUG_INFORMATION_FORMAT = "dwarf-with-dsym";
				ENABLE_NS_ASSERTIONS = NO;
				ENABLE_STRICT_OBJC_MSGSEND = YES;
				ENABLE_USER_SCRIPT_SANDBOXING = YES;
				GCC_C_LANGUAGE_STANDARD = gnu17;
				GCC_NO_COMMON_BLOCKS = YES;
				GCC_WARN_64_TO_32_BIT_CONVERSION = YES;
				GCC_WARN_ABOUT_RETURN_TYPE = YES_ERROR;
				GCC_WARN_UNDECLARED_SELECTOR = YES;
				GCC_WARN_UNINITIALIZED_AUTOS = YES_AGGRESSIVE;
				GCC_WARN_UNUSED_FUNCTION = YES;
				GCC_WARN_UNUSED_VARIABLE = YES;
				IPHONEOS_DEPLOYMENT_TARGET = 17.0;
				LOCALIZATION_PREFERS_STRING_CATALOGS = YES;
				MTL_ENABLE_DEBUG_INFO = NO;
				MTL_FAST_MATH = YES;
				SDKROOT = iphoneos;
				SWIFT_COMPILATION_MODE = wholemodule;
				VALIDATE_PRODUCT = YES;
			};
			name = Release;
		};
		C95311442B40EDD8006E0AA1 /* Debug */ = {
			isa = XCBuildConfiguration;
			buildSettings = {
				ASSETCATALOG_COMPILER_APPICON_NAME = AppIcon;
				ASSETCATALOG_COMPILER_GLOBAL_ACCENT_COLOR_NAME = AccentColor;
				CODE_SIGN_STYLE = Automatic;
				CURRENT_PROJECT_VERSION = 1;
				DEVELOPMENT_ASSET_PATHS = "\"DanteDelivery/Preview Content\"";
				DEVELOPMENT_TEAM = 2NM78877EU;
				ENABLE_PREVIEWS = YES;
				GENERATE_INFOPLIST_FILE = YES;
				INFOPLIST_KEY_UIApplicationSceneManifest_Generation = YES;
				INFOPLIST_KEY_UIApplicationSupportsIndirectInputEvents = YES;
				INFOPLIST_KEY_UILaunchScreen_Generation = YES;
				INFOPLIST_KEY_UISupportedInterfaceOrientations_iPad = "UIInterfaceOrientationPortrait UIInterfaceOrientationPortraitUpsideDown UIInterfaceOrientationLandscapeLeft UIInterfaceOrientationLandscapeRight";
				INFOPLIST_KEY_UISupportedInterfaceOrientations_iPhone = "UIInterfaceOrientationPortrait UIInterfaceOrientationLandscapeLeft UIInterfaceOrientationLandscapeRight";
				LD_RUNPATH_SEARCH_PATHS = (
					"$(inherited)",
					"@executable_path/Frameworks",
				);
				MARKETING_VERSION = 1.0;
				PRODUCT_BUNDLE_IDENTIFIER = dante.DanteDelivery;
				PRODUCT_NAME = "$(TARGET_NAME)";
				SWIFT_EMIT_LOC_STRINGS = YES;
				SWIFT_VERSION = 5.0;
				TARGETED_DEVICE_FAMILY = "1,2";
			};
			name = Debug;
		};
		C95311452B40EDD8006E0AA1 /* Release */ = {
			isa = XCBuildConfiguration;
			buildSettings = {
				ASSETCATALOG_COMPILER_APPICON_NAME = AppIcon;
				ASSETCATALOG_COMPILER_GLOBAL_ACCENT_COLOR_NAME = AccentColor;
				CODE_SIGN_STYLE = Automatic;
				CURRENT_PROJECT_VERSION = 1;
				DEVELOPMENT_ASSET_PATHS = "\"DanteDelivery/Preview Content\"";
				DEVELOPMENT_TEAM = 2NM78877EU;
				ENABLE_PREVIEWS = YES;
				GENERATE_INFOPLIST_FILE = YES;
				INFOPLIST_KEY_UIApplicationSceneManifest_Generation = YES;
				INFOPLIST_KEY_UIApplicationSupportsIndirectInputEvents = YES;
				INFOPLIST_KEY_UILaunchScreen_Generation = YES;
				INFOPLIST_KEY_UISupportedInterfaceOrientations_iPad = "UIInterfaceOrientationPortrait UIInterfaceOrientationPortraitUpsideDown UIInterfaceOrientationLandscapeLeft UIInterfaceOrientationLandscapeRight";
				INFOPLIST_KEY_UISupportedInterfaceOrientations_iPhone = "UIInterfaceOrientationPortrait UIInterfaceOrientationLandscapeLeft UIInterfaceOrientationLandscapeRight";
				LD_RUNPATH_SEARCH_PATHS = (
					"$(inherited)",
					"@executable_path/Frameworks",
				);
				MARKETING_VERSION = 1.0;
				PRODUCT_BUNDLE_IDENTIFIER = dante.DanteDelivery;
				PRODUCT_NAME = "$(TARGET_NAME)";
				SWIFT_EMIT_LOC_STRINGS = YES;
				SWIFT_VERSION = 5.0;
				TARGETED_DEVICE_FAMILY = "1,2";
			};
			name = Release;
		};
		C95311472B40EDD8006E0AA1 /* Debug */ = {
			isa = XCBuildConfiguration;
			buildSettings = {
				ALWAYS_EMBED_SWIFT_STANDARD_LIBRARIES = YES;
				BUNDLE_LOADER = "$(TEST_HOST)";
				CODE_SIGN_STYLE = Automatic;
				CURRENT_PROJECT_VERSION = 1;
				GENERATE_INFOPLIST_FILE = YES;
				IPHONEOS_DEPLOYMENT_TARGET = 17.0;
				MARKETING_VERSION = 1.0;
				PRODUCT_BUNDLE_IDENTIFIER = dante.DanteDeliveryTests;
				PRODUCT_NAME = "$(TARGET_NAME)";
				SWIFT_EMIT_LOC_STRINGS = NO;
				SWIFT_VERSION = 5.0;
				TARGETED_DEVICE_FAMILY = "1,2";
				TEST_HOST = "$(BUILT_PRODUCTS_DIR)/DanteDelivery.app/$(BUNDLE_EXECUTABLE_FOLDER_PATH)/DanteDelivery";
			};
			name = Debug;
		};
		C95311482B40EDD8006E0AA1 /* Release */ = {
			isa = XCBuildConfiguration;
			buildSettings = {
				ALWAYS_EMBED_SWIFT_STANDARD_LIBRARIES = YES;
				BUNDLE_LOADER = "$(TEST_HOST)";
				CODE_SIGN_STYLE = Automatic;
				CURRENT_PROJECT_VERSION = 1;
				GENERATE_INFOPLIST_FILE = YES;
				IPHONEOS_DEPLOYMENT_TARGET = 17.0;
				MARKETING_VERSION = 1.0;
				PRODUCT_BUNDLE_IDENTIFIER = dante.DanteDeliveryTests;
				PRODUCT_NAME = "$(TARGET_NAME)";
				SWIFT_EMIT_LOC_STRINGS = NO;
				SWIFT_VERSION = 5.0;
				TARGETED_DEVICE_FAMILY = "1,2";
				TEST_HOST = "$(BUILT_PRODUCTS_DIR)/DanteDelivery.app/$(BUNDLE_EXECUTABLE_FOLDER_PATH)/DanteDelivery";
			};
			name = Release;
		};
		C953114A2B40EDD8006E0AA1 /* Debug */ = {
			isa = XCBuildConfiguration;
			buildSettings = {
				ALWAYS_EMBED_SWIFT_STANDARD_LIBRARIES = YES;
				CODE_SIGN_STYLE = Automatic;
				CURRENT_PROJECT_VERSION = 1;
				GENERATE_INFOPLIST_FILE = YES;
				MARKETING_VERSION = 1.0;
				PRODUCT_BUNDLE_IDENTIFIER = dante.DanteDeliveryUITests;
				PRODUCT_NAME = "$(TARGET_NAME)";
				SWIFT_EMIT_LOC_STRINGS = NO;
				SWIFT_VERSION = 5.0;
				TARGETED_DEVICE_FAMILY = "1,2";
				TEST_TARGET_NAME = DanteDelivery;
			};
			name = Debug;
		};
		C953114B2B40EDD8006E0AA1 /* Release */ = {
			isa = XCBuildConfiguration;
			buildSettings = {
				ALWAYS_EMBED_SWIFT_STANDARD_LIBRARIES = YES;
				CODE_SIGN_STYLE = Automatic;
				CURRENT_PROJECT_VERSION = 1;
				GENERATE_INFOPLIST_FILE = YES;
				MARKETING_VERSION = 1.0;
				PRODUCT_BUNDLE_IDENTIFIER = dante.DanteDeliveryUITests;
				PRODUCT_NAME = "$(TARGET_NAME)";
				SWIFT_EMIT_LOC_STRINGS = NO;
				SWIFT_VERSION = 5.0;
				TARGETED_DEVICE_FAMILY = "1,2";
				TEST_TARGET_NAME = DanteDelivery;
			};
			name = Release;
		};
/* End XCBuildConfiguration section */

/* Begin XCConfigurationList section */
		C953111A2B40EDD7006E0AA1 /* Build configuration list for PBXProject "DanteDelivery" */ = {
			isa = XCConfigurationList;
			buildConfigurations = (
				C95311412B40EDD8006E0AA1 /* Debug */,
				C95311422B40EDD8006E0AA1 /* Release */,
			);
			defaultConfigurationIsVisible = 0;
			defaultConfigurationName = Release;
		};
		C95311432B40EDD8006E0AA1 /* Build configuration list for PBXNativeTarget "DanteDelivery" */ = {
			isa = XCConfigurationList;
			buildConfigurations = (
				C95311442B40EDD8006E0AA1 /* Debug */,
				C95311452B40EDD8006E0AA1 /* Release */,
			);
			defaultConfigurationIsVisible = 0;
			defaultConfigurationName = Release;
		};
		C95311462B40EDD8006E0AA1 /* Build configuration list for PBXNativeTarget "DanteDeliveryTests" */ = {
			isa = XCConfigurationList;
			buildConfigurations = (
				C95311472B40EDD8006E0AA1 /* Debug */,
				C95311482B40EDD8006E0AA1 /* Release */,
			);
			defaultConfigurationIsVisible = 0;
			defaultConfigurationName = Release;
		};
		C95311492B40EDD8006E0AA1 /* Build configuration list for PBXNativeTarget "DanteDeliveryUITests" */ = {
			isa = XCConfigurationList;
			buildConfigurations = (
				C953114A2B40EDD8006E0AA1 /* Debug */,
				C953114B2B40EDD8006E0AA1 /* Release */,
			);
			defaultConfigurationIsVisible = 0;
			defaultConfigurationName = Release;
		};
/* End XCConfigurationList section */
	};
	rootObject = C95311172B40EDD7006E0AA1 /* Project object */;
}
